
Microsoft Visual Studio Solution File, Format Version 12.00
# Visual Studio Version 17
VisualStudioVersion = 17.11.35327.3
MinimumVisualStudioVersion = 10.0.40219.1
Project("{9A19103F-16F7-4668-BE54-9A1E7A4F7556}") = "VitoriaAirlinesWPF", "VitoriaAirlinesWPF\VitoriaAirlinesWPF.csproj", "{F35BFA11-E622-42B7-BA22-356E7C0BE599}"
EndProject
Project("{FAE04EC0-301F-11D3-BF4B-00C04F79EFBC}") = "VitoriaAirlinesLibrary", "VitoriaAirlinesLibrary\VitoriaAirlinesLibrary.csproj", "{3ADD36FF-CCE5-4B98-865A-598EA9E8788B}"
EndProject
Global
	GlobalSection(SolutionConfigurationPlatforms) = preSolution
		Debug|Any CPU = Debug|Any CPU
		Release|Any CPU = Release|Any CPU
	EndGlobalSection
	GlobalSection(ProjectConfigurationPlatforms) = postSolution
		{F35BFA11-E622-42B7-BA22-356E7C0BE599}.Debug|Any CPU.ActiveCfg = Debug|Any CPU
		{F35BFA11-E622-42B7-BA22-356E7C0BE599}.Debug|Any CPU.Build.0 = Debug|Any CPU
		{F35BFA11-E622-42B7-BA22-356E7C0BE599}.Release|Any CPU.ActiveCfg = Release|Any CPU
		{F35BFA11-E622-42B7-BA22-356E7C0BE599}.Release|Any CPU.Build.0 = Release|Any CPU
		{3ADD36FF-CCE5-4B98-865A-598EA9E8788B}.Debug|Any CPU.ActiveCfg = Debug|Any CPU
		{3ADD36FF-CCE5-4B98-865A-598EA9E8788B}.Debug|Any CPU.Build.0 = Debug|Any CPU
		{3ADD36FF-CCE5-4B98-865A-598EA9E8788B}.Release|Any CPU.ActiveCfg = Release|Any CPU
		{3ADD36FF-CCE5-4B98-865A-598EA9E8788B}.Release|Any CPU.Build.0 = Release|Any CPU
	EndGlobalSection
	GlobalSection(SolutionProperties) = preSolution
		HideSolutionNode = FALSE
	EndGlobalSection
	GlobalSection(ExtensibilityGlobals) = postSolution
		SolutionGuid = {50EB7EC2-B249-4ABD-8A41-32754D8390CF}
	EndGlobalSection
EndGlobal
